# THIS IS AN AUTOGENERATED FILE. DO NOT EDIT THIS FILE DIRECTLY.
# yarn lockfile v1


"@sphinxxxx/color-conversion@^2.1.1":
  version "2.2.1"
  resolved "https://registry.yarnpkg.com/@sphinxxxx/color-conversion/-/color-conversion-2.2.1.tgz#88e94a50fa79f48bb0d1490bb716df8d506941dd"
  integrity sha512-5+ofCE09lF6C7DPSVyvQ2Nf0oaue3Cl+SosT45DYy5nhgUXsOq3TetArC1q8mVfAOjhG0WReQPPFBdc4xXVNkg==

ajv@5.5.2:
  version "5.5.2"
  resolved "https://registry.yarnpkg.com/ajv/-/ajv-5.5.2.tgz#73b5eeca3fab653e3d3f9422b341ad42205dc965"
  integrity sha1-c7Xuyj+rZT49P5Qis0GtQiBdyWU=
  dependencies:
    co "^4.6.0"
    fast-deep-equal "^1.0.0"
    fast-json-stable-stringify "^2.0.0"
    json-schema-traverse "^0.3.0"

brace@0.11.1:
  version "0.11.1"
  resolved "https://registry.yarnpkg.com/brace/-/brace-0.11.1.tgz#4896fcc9d544eef45f4bb7660db320d3b379fe58"
  integrity sha1-SJb8ydVE7vRfS7dmDbMg07N5/lg=

co@^4.6.0:
  version "4.6.0"
  resolved "https://registry.yarnpkg.com/co/-/co-4.6.0.tgz#6ea6bdf3d853ae54ccb8e47bfa0bf3f9031fb184"
  integrity sha1-bqa989hTrlTMuOR7+gvz+QMfsYQ=

drag-tracker@^1.0.0:
  version "1.0.0"
  resolved "https://registry.yarnpkg.com/drag-tracker/-/drag-tracker-1.0.0.tgz#9bd33d380bc3056db69bd5b3cf6e062fec58bd64"
  integrity sha1-m9M9OAvDBW22m9Wzz24GL+xYvWQ=

fast-deep-equal@^1.0.0:
  version "1.1.0"
  resolved "https://registry.yarnpkg.com/fast-deep-equal/-/fast-deep-equal-1.1.0.tgz#c053477817c86b51daa853c81e059b733d023614"
  integrity sha1-wFNHeBfIa1HaqFPIHgWbcz0CNhQ=

fast-json-stable-stringify@^2.0.0:
  version "2.0.0"
  resolved "https://registry.yarnpkg.com/fast-json-stable-stringify/-/fast-json-stable-stringify-2.0.0.tgz#d5142c0caee6b1189f87d3a76111064f86c8bbf2"
  integrity sha1-1RQsDK7msRifh9OnYREGT4bIu/I=

javascript-natural-sort@0.7.1:
  version "0.7.1"
  resolved "https://registry.yarnpkg.com/javascript-natural-sort/-/javascript-natural-sort-0.7.1.tgz#f9e2303d4507f6d74355a73664d1440fb5a0ef59"
  integrity sha1-+eIwPUUH9tdDVac2ZNFED7Wg71k=

jmespath@0.15.0:
  version "0.15.0"
  resolved "https://registry.yarnpkg.com/jmespath/-/jmespath-0.15.0.tgz#a3f222a9aae9f966f5d27c796510e28091764217"
  integrity sha1-o/Iiqarp+Wb10nx5ZRDigJF2Qhc=

json-schema-traverse@^0.3.0:
  version "0.3.1"
  resolved "https://registry.yarnpkg.com/json-schema-traverse/-/json-schema-traverse-0.3.1.tgz#349a6d44c53a51de89b40805c5d5e59b417d3340"
  integrity sha1-NJptRMU6Ud6JtAgFxdXlm0F9M0A=

json-source-map@0.4.0:
  version "0.4.0"
  resolved "https://registry.yarnpkg.com/json-source-map/-/json-source-map-0.4.0.tgz#eea837fe3ce2f2bfd5b13687779406354423c355"
  integrity sha1-7qg3/jzi8r/VsTaHd5QGNUQjw1U=

jsoneditor@^5.32.2:
  version "5.32.2"
  resolved "https://registry.yarnpkg.com/jsoneditor/-/jsoneditor-5.32.2.tgz#651752f587f414b523a4567929f6f28a34cd710c"
  integrity sha512-8RyHs/EHdmB3TvVs+pYQBGeAxUZzwzztdLhfbq7d42XqfstAvLEqUv/HA5NFzBlSIqffgUzllrPjkOAOyb+N7w==
  dependencies:
    ajv "5.5.2"
    brace "0.11.1"
    javascript-natural-sort "0.7.1"
    jmespath "0.15.0"
    json-source-map "0.4.0"
    mobius1-selectr "2.4.2"
    picomodal "3.0.0"
    vanilla-picker "2.4.2"

mobius1-selectr@2.4.2:
  version "2.4.2"
  resolved "https://registry.yarnpkg.com/mobius1-selectr/-/mobius1-selectr-2.4.2.tgz#b8a619c8a0ed6234590e5e5a9e979e15d9b4b89a"
  integrity sha512-yfy1sLxIDlgZjhThuG6gBsI4L2pJHRNaHth/hwPN5ESH5n2qkhfay/OnVmwhhDVYeui54NKIWeu6zWcobVcYtQ==

picomodal@3.0.0:
  version "3.0.0"
  resolved "https://registry.yarnpkg.com/picomodal/-/picomodal-3.0.0.tgz#facd30f4fbf34a809c1e04ea525f004f399c0b82"
  integrity sha1-+s0w9PvzSoCcHgTqUl8ATzmcC4I=

vanilla-picker@2.4.2:
  version "2.4.2"
  resolved "https://registry.yarnpkg.com/vanilla-picker/-/vanilla-picker-2.4.2.tgz#830f1d23934c5eb25fc7b1d667aa8c21260f041c"
  integrity sha512-fAjOGwruYIrRSWtMfriwE2zya2IDHcI7ncundd1NWh/Py3WzuNIAcj6dwaoG7f72ZT9YHRCAfy84f0BoJb0tyA==
  dependencies:
    "@sphinxxxx/color-conversion" "^2.1.1"
    drag-tracker "^1.0.0"
